# supabase/supabase docker/ files fetched by fetch-upstream.sh, pinned by commit and checksum.
# Bump: change the commit, run fetch-upstream.sh --print on a machine with network, review the
# upstream diff (especially the envoy template), then paste the new sums here.
commit 2c5b0a5ca0afcb8c50215f9b8ae26d073852a633
8ba18fd43e9afba90e8287c8e8afc4bdda1e38d2228e57ff660968bb550da054  docker-compose.yml
6299efc24ce94d771ca4abb8ac96b67624cc4ac9a4b13ee0c2a8f0071aa3d619  utils/generate-keys.sh
3697f23b0be9ec5b829f937c600eb9b878f1f778ab510b42ad5e4f14742447e9  volumes/api/envoy/envoy.yaml
1d7514b891370ed27c25911df008887402e16ab09273e6e433225bb7f09f7905  volumes/api/envoy/cds.yaml
9d9a6d6ea0a372be99e165d995f012d383d5cc8473b92a06b7aa0bbd73566c3d  volumes/api/envoy/lds.template.yaml
8a0c9503764de32ba39e0d81e73629457b13ec42ef19897e30e4918c996d0508  volumes/api/envoy/docker-entrypoint.sh
7e9e442e7fc4dae05544c07b67bede37a00d84644304dfce4d937134cb4c8f88  volumes/db/realtime.sql
05a61316b899374253891cbba66ce073d9273f33983c3f47961eda3aa26c2823  volumes/db/webhooks.sql
3ad717b225daa38aa982da26750f35641eb404e1eb5e69a763c22236ab96c1b2  volumes/db/roles.sql
c1d3f5c01e44646c2e533c5a1c111821cc49cb5a4c2534e08cddad61d8fb0339  volumes/db/jwt.sql
9dce462adc04137d6afabcf28efa60a6c355270a4b32d7af58891ac4eb964c5f  volumes/db/_supabase.sql
f0463ce5030907acef49326d2bffd36002df0718035071be7c99bd7fc897c63d  volumes/db/logs.sql
df97ebe148d94cfb92a5e37ebf972dfd496be195f0915ecf14396b2cf50efecb  volumes/db/pooler.sql
